
Microsoft Visual Studio Solution File, Format Version 12.00
# Visual Studio Version 17
VisualStudioVersion = 17.9.34714.143
MinimumVisualStudioVersion = 10.0.40219.1
Project("{2150E333-8FDC-42A3-9474-1A3956D46DE8}") = "EShop.Application", "EShop.Application", "{A0D139B0-921D-4E74-8EA7-FFF0DE1AD940}"
EndProject
Project("{2150E333-8FDC-42A3-9474-1A3956D46DE8}") = "EShop.Data", "EShop.Data", "{4DB98A53-F377-4DE0-9C51-A5CD18BACE6A}"
EndProject
Project("{2150E333-8FDC-42A3-9474-1A3956D46DE8}") = "EShop.Web", "EShop.Web", "{FEEDF3BC-098D-4F11-860E-ED5FF9FB0A92}"
EndProject
Project("{FAE04EC0-301F-11D3-BF4B-00C04F79EFBC}") = "EShop.Application", "EShop.Application\EShop.Application.csproj", "{B2D57B3C-D93B-4721-A8C7-0F75E3244E1F}"
EndProject
Project("{FAE04EC0-301F-11D3-BF4B-00C04F79EFBC}") = "EShop.Data", "EShop.Data\EShop.Data.csproj", "{1864A6D5-BFA7-4A83-AE08-BE2A6CDB4E69}"
EndProject
Project("{FAE04EC0-301F-11D3-BF4B-00C04F79EFBC}") = "EShop.Web", "EShop.Web\EShop.Web.csproj", "{8D0B729A-EAE3-4135-8C0E-10BD4DCB6FCE}"
EndProject
Global
	GlobalSection(SolutionConfigurationPlatforms) = preSolution
		Debug|Any CPU = Debug|Any CPU
		Release|Any CPU = Release|Any CPU
	EndGlobalSection
	GlobalSection(ProjectConfigurationPlatforms) = postSolution
		{B2D57B3C-D93B-4721-A8C7-0F75E3244E1F}.Debug|Any CPU.ActiveCfg = Debug|Any CPU
		{B2D57B3C-D93B-4721-A8C7-0F75E3244E1F}.Debug|Any CPU.Build.0 = Debug|Any CPU
		{B2D57B3C-D93B-4721-A8C7-0F75E3244E1F}.Release|Any CPU.ActiveCfg = Release|Any CPU
		{B2D57B3C-D93B-4721-A8C7-0F75E3244E1F}.Release|Any CPU.Build.0 = Release|Any CPU
		{1864A6D5-BFA7-4A83-AE08-BE2A6CDB4E69}.Debug|Any CPU.ActiveCfg = Debug|Any CPU
		{1864A6D5-BFA7-4A83-AE08-BE2A6CDB4E69}.Debug|Any CPU.Build.0 = Debug|Any CPU
		{1864A6D5-BFA7-4A83-AE08-BE2A6CDB4E69}.Release|Any CPU.ActiveCfg = Release|Any CPU
		{1864A6D5-BFA7-4A83-AE08-BE2A6CDB4E69}.Release|Any CPU.Build.0 = Release|Any CPU
		{8D0B729A-EAE3-4135-8C0E-10BD4DCB6FCE}.Debug|Any CPU.ActiveCfg = Debug|Any CPU
		{8D0B729A-EAE3-4135-8C0E-10BD4DCB6FCE}.Debug|Any CPU.Build.0 = Debug|Any CPU
		{8D0B729A-EAE3-4135-8C0E-10BD4DCB6FCE}.Release|Any CPU.ActiveCfg = Release|Any CPU
		{8D0B729A-EAE3-4135-8C0E-10BD4DCB6FCE}.Release|Any CPU.Build.0 = Release|Any CPU
	EndGlobalSection
	GlobalSection(SolutionProperties) = preSolution
		HideSolutionNode = FALSE
	EndGlobalSection
	GlobalSection(NestedProjects) = preSolution
		{B2D57B3C-D93B-4721-A8C7-0F75E3244E1F} = {A0D139B0-921D-4E74-8EA7-FFF0DE1AD940}
		{1864A6D5-BFA7-4A83-AE08-BE2A6CDB4E69} = {4DB98A53-F377-4DE0-9C51-A5CD18BACE6A}
		{8D0B729A-EAE3-4135-8C0E-10BD4DCB6FCE} = {FEEDF3BC-098D-4F11-860E-ED5FF9FB0A92}
	EndGlobalSection
	GlobalSection(ExtensibilityGlobals) = postSolution
		SolutionGuid = {2B185386-A6AD-48A5-B65D-9DD2DBFCC3C8}
	EndGlobalSection
EndGlobal
